
Microsoft Visual Studio Solution File, Format Version 12.00
# Visual Studio Version 16
VisualStudioVersion = 16.0.31402.337
MinimumVisualStudioVersion = 10.0.40219.1
Project("{9A19103F-16F7-4668-BE54-9A1E7A4F7556}") = "Kosku", "Kosku.csproj", "{14D37423-7BB1-4452-99B9-D8F73FDC2A22}"
EndProject
Global
	GlobalSection(SolutionConfigurationPlatforms) = preSolution
		Debug|Any CPU = Debug|Any CPU
		Release|Any CPU = Release|Any CPU
	EndGlobalSection
	GlobalSection(ProjectConfigurationPlatforms) = postSolution
		{14D37423-7BB1-4452-99B9-D8F73FDC2A22}.Debug|Any CPU.ActiveCfg = Debug|Any CPU
		{14D37423-7BB1-4452-99B9-D8F73FDC2A22}.Debug|Any CPU.Build.0 = Debug|Any CPU
		{14D37423-7BB1-4452-99B9-D8F73FDC2A22}.Release|Any CPU.ActiveCfg = Release|Any CPU
		{14D37423-7BB1-4452-99B9-D8F73FDC2A22}.Release|Any CPU.Build.0 = Release|Any CPU
	EndGlobalSection
	GlobalSection(SolutionProperties) = preSolution
		HideSolutionNode = FALSE
	EndGlobalSection
	GlobalSection(ExtensibilityGlobals) = postSolution
		SolutionGuid = {2E0DFEFB-D8E9-4EA6-853D-591FB973636D}
	EndGlobalSection
EndGlobal
